Microsoft Visual Studio Solution File, Format Version 12.00
# TcXaeShell Solution File, Format Version 11.00
VisualStudioVersion = 17.10.35827.194
MinimumVisualStudioVersion = 10.0.40219.1
Project("{B1E792BE-AA5F-4E3C-8C82-674BF9C0715B}") = "TwinCAT Project1", "TwinCAT Project1.tsproj", "{BA23484D-6147-46C3-AECC-72E7450A69F4}"
EndProject
Project("{FAE04EC0-301F-11D3-BF4B-00C04F79EFBC}") = "HMI", "HMI\HMI.csproj", "{662608D1-BA9D-422A-8CB8-397C3F0AE594}"
EndProject
Global
	GlobalSection(SolutionConfigurationPlatforms) = preSolution
		Debug|Any CPU = Debug|Any CPU
		Debug|TwinCAT OS (ARMV7-A) = Debug|TwinCAT OS (ARMV7-A)
		Debug|TwinCAT OS (ARMV7-M) = Debug|TwinCAT OS (ARMV7-M)
		Debug|TwinCAT OS (ARMV8-A) = Debug|TwinCAT OS (ARMV8-A)
		Debug|TwinCAT OS (x64) = Debug|TwinCAT OS (x64)
		Debug|TwinCAT OS (x64-E) = Debug|TwinCAT OS (x64-E)
		Debug|TwinCAT RT (x64) = Debug|TwinCAT RT (x64)
		Debug|TwinCAT RT (x86) = Debug|TwinCAT RT (x86)
		Release|Any CPU = Release|Any CPU
		Release|TwinCAT OS (ARMV7-A) = Release|TwinCAT OS (ARMV7-A)
		Release|TwinCAT OS (ARMV7-M) = Release|TwinCAT OS (ARMV7-M)
		Release|TwinCAT OS (ARMV8-A) = Release|TwinCAT OS (ARMV8-A)
		Release|TwinCAT OS (x64) = Release|TwinCAT OS (x64)
		Release|TwinCAT OS (x64-E) = Release|TwinCAT OS (x64-E)
		Release|TwinCAT RT (x64) = Release|TwinCAT RT (x64)
		Release|TwinCAT RT (x86) = Release|TwinCAT RT (x86)
	EndGlobalSection
	GlobalSection(ProjectConfigurationPlatforms) = postSolution
		{BA23484D-6147-46C3-AECC-72E7450A69F4}.Debug|Any CPU.ActiveCfg = Debug|TwinCAT RT (x86)
		{BA23484D-6147-46C3-AECC-72E7450A69F4}.Debug|Any CPU.Build.0 = Debug|TwinCAT RT (x86)
		{BA23484D-6147-46C3-AECC-72E7450A69F4}.Debug|TwinCAT OS (ARMV7-A).ActiveCfg = Debug|TwinCAT OS (ARMV7-A)
		{BA23484D-6147-46C3-AECC-72E7450A69F4}.Debug|TwinCAT OS (ARMV7-A).Build.0 = Debug|TwinCAT OS (ARMV7-A)
		{BA23484D-6147-46C3-AECC-72E7450A69F4}.Debug|TwinCAT OS (ARMV7-M).ActiveCfg = Debug|TwinCAT OS (ARMV7-M)
		{BA23484D-6147-46C3-AECC-72E7450A69F4}.Debug|TwinCAT OS (ARMV7-M).Build.0 = Debug|TwinCAT OS (ARMV7-M)
		{BA23484D-6147-46C3-AECC-72E7450A69F4}.Debug|TwinCAT OS (ARMV8-A).ActiveCfg = Debug|TwinCAT OS (ARMV8-A)
		{BA23484D-6147-46C3-AECC-72E7450A69F4}.Debug|TwinCAT OS (ARMV8-A).Build.0 = Debug|TwinCAT OS (ARMV8-A)
		{BA23484D-6147-46C3-AECC-72E7450A69F4}.Debug|TwinCAT OS (x64).ActiveCfg = Debug|TwinCAT OS (x64)
		{BA23484D-6147-46C3-AECC-72E7450A69F4}.Debug|TwinCAT OS (x64).Build.0 = Debug|TwinCAT OS (x64)
		{BA23484D-6147-46C3-AECC-72E7450A69F4}.Debug|TwinCAT OS (x64-E).ActiveCfg = Debug|TwinCAT OS (x64-E)
		{BA23484D-6147-46C3-AECC-72E7450A69F4}.Debug|TwinCAT OS (x64-E).Build.0 = Debug|TwinCAT OS (x64-E)
		{BA23484D-6147-46C3-AECC-72E7450A69F4}.Debug|TwinCAT RT (x64).ActiveCfg = Debug|TwinCAT RT (x64)
		{BA23484D-6147-46C3-AECC-72E7450A69F4}.Debug|TwinCAT RT (x64).Build.0 = Debug|TwinCAT RT (x64)
		{BA23484D-6147-46C3-AECC-72E7450A69F4}.Debug|TwinCAT RT (x86).ActiveCfg = Debug|TwinCAT RT (x86)
		{BA23484D-6147-46C3-AECC-72E7450A69F4}.Debug|TwinCAT RT (x86).Build.0 = Debug|TwinCAT RT (x86)
		{BA23484D-6147-46C3-AECC-72E7450A69F4}.Release|Any CPU.ActiveCfg = Release|TwinCAT RT (x86)
		{BA23484D-6147-46C3-AECC-72E7450A69F4}.Release|Any CPU.Build.0 = Release|TwinCAT RT (x86)
		{BA23484D-6147-46C3-AECC-72E7450A69F4}.Release|TwinCAT OS (ARMV7-A).ActiveCfg = Release|TwinCAT OS (ARMV7-A)
		{BA23484D-6147-46C3-AECC-72E7450A69F4}.Release|TwinCAT OS (ARMV7-A).Build.0 = Release|TwinCAT OS (ARMV7-A)
		{BA23484D-6147-46C3-AECC-72E7450A69F4}.Release|TwinCAT OS (ARMV7-M).ActiveCfg = Release|TwinCAT OS (ARMV7-M)
		{BA23484D-6147-46C3-AECC-72E7450A69F4}.Release|TwinCAT OS (ARMV7-M).Build.0 = Release|TwinCAT OS (ARMV7-M)
		{BA23484D-6147-46C3-AECC-72E7450A69F4}.Release|TwinCAT OS (ARMV8-A).ActiveCfg = Release|TwinCAT OS (ARMV8-A)
		{BA23484D-6147-46C3-AECC-72E7450A69F4}.Release|TwinCAT OS (ARMV8-A).Build.0 = Release|TwinCAT OS (ARMV8-A)
		{BA23484D-6147-46C3-AECC-72E7450A69F4}.Release|TwinCAT OS (x64).ActiveCfg = Release|TwinCAT OS (x64)
		{BA23484D-6147-46C3-AECC-72E7450A69F4}.Release|TwinCAT OS (x64).Build.0 = Release|TwinCAT OS (x64)
		{BA23484D-6147-46C3-AECC-72E7450A69F4}.Release|TwinCAT OS (x64-E).ActiveCfg = Release|TwinCAT OS (x64-E)
		{BA23484D-6147-46C3-AECC-72E7450A69F4}.Release|TwinCAT OS (x64-E).Build.0 = Release|TwinCAT OS (x64-E)
		{BA23484D-6147-46C3-AECC-72E7450A69F4}.Release|TwinCAT RT (x64).ActiveCfg = Release|TwinCAT RT (x64)
		{BA23484D-6147-46C3-AECC-72E7450A69F4}.Release|TwinCAT RT (x64).Build.0 = Release|TwinCAT RT (x64)
		{BA23484D-6147-46C3-AECC-72E7450A69F4}.Release|TwinCAT RT (x86).ActiveCfg = Release|TwinCAT RT (x86)
		{BA23484D-6147-46C3-AECC-72E7450A69F4}.Release|TwinCAT RT (x86).Build.0 = Release|TwinCAT RT (x86)
		{662608D1-BA9D-422A-8CB8-397C3F0AE594}.Debug|Any CPU.ActiveCfg = Debug|Any CPU
		{662608D1-BA9D-422A-8CB8-397C3F0AE594}.Debug|Any CPU.Build.0 = Debug|Any CPU
		{662608D1-BA9D-422A-8CB8-397C3F0AE594}.Debug|TwinCAT OS (ARMV7-A).ActiveCfg = Debug|Any CPU
		{662608D1-BA9D-422A-8CB8-397C3F0AE594}.Debug|TwinCAT OS (ARMV7-A).Build.0 = Debug|Any CPU
		{662608D1-BA9D-422A-8CB8-397C3F0AE594}.Debug|TwinCAT OS (ARMV7-M).ActiveCfg = Debug|Any CPU
		{662608D1-BA9D-422A-8CB8-397C3F0AE594}.Debug|TwinCAT OS (ARMV7-M).Build.0 = Debug|Any CPU
		{662608D1-BA9D-422A-8CB8-397C3F0AE594}.Debug|TwinCAT OS (ARMV8-A).ActiveCfg = Debug|Any CPU
		{662608D1-BA9D-422A-8CB8-397C3F0AE594}.Debug|TwinCAT OS (ARMV8-A).Build.0 = Debug|Any CPU
		{662608D1-BA9D-422A-8CB8-397C3F0AE594}.Debug|TwinCAT OS (x64).ActiveCfg = Debug|Any CPU
		{662608D1-BA9D-422A-8CB8-397C3F0AE594}.Debug|TwinCAT OS (x64).Build.0 = Debug|Any CPU
		{662608D1-BA9D-422A-8CB8-397C3F0AE594}.Debug|TwinCAT OS (x64-E).ActiveCfg = Debug|Any CPU
		{662608D1-BA9D-422A-8CB8-397C3F0AE594}.Debug|TwinCAT OS (x64-E).Build.0 = Debug|Any CPU
		{662608D1-BA9D-422A-8CB8-397C3F0AE594}.Debug|TwinCAT RT (x64).ActiveCfg = Debug|Any CPU
		{662608D1-BA9D-422A-8CB8-397C3F0AE594}.Debug|TwinCAT RT (x64).Build.0 = Debug|Any CPU
		{662608D1-BA9D-422A-8CB8-397C3F0AE594}.Debug|TwinCAT RT (x86).ActiveCfg = Debug|Any CPU
		{662608D1-BA9D-422A-8CB8-397C3F0AE594}.Debug|TwinCAT RT (x86).Build.0 = Debug|Any CPU
		{662608D1-BA9D-422A-8CB8-397C3F0AE594}.Release|Any CPU.ActiveCfg = Release|Any CPU
		{662608D1-BA9D-422A-8CB8-397C3F0AE594}.Release|Any CPU.Build.0 = Release|Any CPU
		{662608D1-BA9D-422A-8CB8-397C3F0AE594}.Release|TwinCAT OS (ARMV7-A).ActiveCfg = Release|Any CPU
		{662608D1-BA9D-422A-8CB8-397C3F0AE594}.Release|TwinCAT OS (ARMV7-A).Build.0 = Release|Any CPU
		{662608D1-BA9D-422A-8CB8-397C3F0AE594}.Release|TwinCAT OS (ARMV7-M).ActiveCfg = Release|Any CPU
		{662608D1-BA9D-422A-8CB8-397C3F0AE594}.Release|TwinCAT OS (ARMV7-M).Build.0 = Release|Any CPU
		{662608D1-BA9D-422A-8CB8-397C3F0AE594}.Release|TwinCAT OS (ARMV8-A).ActiveCfg = Release|Any CPU
		{662608D1-BA9D-422A-8CB8-397C3F0AE594}.Release|TwinCAT OS (ARMV8-A).Build.0 = Release|Any CPU
		{662608D1-BA9D-422A-8CB8-397C3F0AE594}.Release|TwinCAT OS (x64).ActiveCfg = Release|Any CPU
		{662608D1-BA9D-422A-8CB8-397C3F0AE594}.Release|TwinCAT OS (x64).Build.0 = Release|Any CPU
		{662608D1-BA9D-422A-8CB8-397C3F0AE594}.Release|TwinCAT OS (x64-E).ActiveCfg = Release|Any CPU
		{662608D1-BA9D-422A-8CB8-397C3F0AE594}.Release|TwinCAT OS (x64-E).Build.0 = Release|Any CPU
		{662608D1-BA9D-422A-8CB8-397C3F0AE594}.Release|TwinCAT RT (x64).ActiveCfg = Release|Any CPU
		{662608D1-BA9D-422A-8CB8-397C3F0AE594}.Release|TwinCAT RT (x64).Build.0 = Release|Any CPU
		{662608D1-BA9D-422A-8CB8-397C3F0AE594}.Release|TwinCAT RT (x86).ActiveCfg = Release|Any CPU
		{662608D1-BA9D-422A-8CB8-397C3F0AE594}.Release|TwinCAT RT (x86).Build.0 = Release|Any CPU
		{A2D2EAEA-24F6-4395-9BB0-B3E39185FCAA}.Debug|Any CPU.ActiveCfg = Debug|TwinCAT RT (x64)
		{A2D2EAEA-24F6-4395-9BB0-B3E39185FCAA}.Debug|Any CPU.Build.0 = Debug|TwinCAT RT (x64)
		{A2D2EAEA-24F6-4395-9BB0-B3E39185FCAA}.Debug|TwinCAT OS (ARMV7-A).ActiveCfg = Debug|TwinCAT OS (ARMV7-A)
		{A2D2EAEA-24F6-4395-9BB0-B3E39185FCAA}.Debug|TwinCAT OS (ARMV7-A).Build.0 = Debug|TwinCAT OS (ARMV7-A)
		{A2D2EAEA-24F6-4395-9BB0-B3E39185FCAA}.Debug|TwinCAT OS (ARMV7-M).ActiveCfg = Debug|TwinCAT OS (ARMV7-M)
		{A2D2EAEA-24F6-4395-9BB0-B3E39185FCAA}.Debug|TwinCAT OS (ARMV7-M).Build.0 = Debug|TwinCAT OS (ARMV7-M)
		{A2D2EAEA-24F6-4395-9BB0-B3E39185FCAA}.Debug|TwinCAT OS (ARMV8-A).ActiveCfg = Debug|TwinCAT OS (ARMV8-A)
		{A2D2EAEA-24F6-4395-9BB0-B3E39185FCAA}.Debug|TwinCAT OS (ARMV8-A).Build.0 = Debug|TwinCAT OS (ARMV8-A)
		{A2D2EAEA-24F6-4395-9BB0-B3E39185FCAA}.Debug|TwinCAT OS (x64).ActiveCfg = Debug|TwinCAT OS (x64)
		{A2D2EAEA-24F6-4395-9BB0-B3E39185FCAA}.Debug|TwinCAT OS (x64).Build.0 = Debug|TwinCAT OS (x64)
		{A2D2EAEA-24F6-4395-9BB0-B3E39185FCAA}.Debug|TwinCAT OS (x64-E).ActiveCfg = Debug|TwinCAT OS (x64-E)
		{A2D2EAEA-24F6-4395-9BB0-B3E39185FCAA}.Debug|TwinCAT OS (x64-E).Build.0 = Debug|TwinCAT OS (x64-E)
		{A2D2EAEA-24F6-4395-9BB0-B3E39185FCAA}.Debug|TwinCAT RT (x64).ActiveCfg = Debug|TwinCAT RT (x64)
		{A2D2EAEA-24F6-4395-9BB0-B3E39185FCAA}.Debug|TwinCAT RT (x64).Build.0 = Debug|TwinCAT RT (x64)
		{A2D2EAEA-24F6-4395-9BB0-B3E39185FCAA}.Debug|TwinCAT RT (x86).ActiveCfg = Debug|TwinCAT RT (x86)
		{A2D2EAEA-24F6-4395-9BB0-B3E39185FCAA}.Debug|TwinCAT RT (x86).Build.0 = Debug|TwinCAT RT (x86)
		{A2D2EAEA-24F6-4395-9BB0-B3E39185FCAA}.Release|Any CPU.ActiveCfg = Release|TwinCAT RT (x64)
		{A2D2EAEA-24F6-4395-9BB0-B3E39185FCAA}.Release|Any CPU.Build.0 = Release|TwinCAT RT (x64)
		{A2D2EAEA-24F6-4395-9BB0-B3E39185FCAA}.Release|TwinCAT OS (ARMV7-A).ActiveCfg = Release|TwinCAT OS (ARMV7-A)
		{A2D2EAEA-24F6-4395-9BB0-B3E39185FCAA}.Release|TwinCAT OS (ARMV7-A).Build.0 = Release|TwinCAT OS (ARMV7-A)
		{A2D2EAEA-24F6-4395-9BB0-B3E39185FCAA}.Release|TwinCAT OS (ARMV7-M).ActiveCfg = Release|TwinCAT OS (ARMV7-M)
		{A2D2EAEA-24F6-4395-9BB0-B3E39185FCAA}.Release|TwinCAT OS (ARMV7-M).Build.0 = Release|TwinCAT OS (ARMV7-M)
		{A2D2EAEA-24F6-4395-9BB0-B3E39185FCAA}.Release|TwinCAT OS (ARMV8-A).ActiveCfg = Release|TwinCAT OS (ARMV8-A)
		{A2D2EAEA-24F6-4395-9BB0-B3E39185FCAA}.Release|TwinCAT OS (ARMV8-A).Build.0 = Release|TwinCAT OS (ARMV8-A)
		{A2D2EAEA-24F6-4395-9BB0-B3E39185FCAA}.Release|TwinCAT OS (x64).ActiveCfg = Release|TwinCAT OS (x64)
		{A2D2EAEA-24F6-4395-9BB0-B3E39185FCAA}.Release|TwinCAT OS (x64).Build.0 = Release|TwinCAT OS (x64)
		{A2D2EAEA-24F6-4395-9BB0-B3E39185FCAA}.Release|TwinCAT OS (x64-E).ActiveCfg = Release|TwinCAT OS (x64-E)
		{A2D2EAEA-24F6-4395-9BB0-B3E39185FCAA}.Release|TwinCAT OS (x64-E).Build.0 = Release|TwinCAT OS (x64-E)
		{A2D2EAEA-24F6-4395-9BB0-B3E39185FCAA}.Release|TwinCAT RT (x64).ActiveCfg = Release|TwinCAT RT (x64)
		{A2D2EAEA-24F6-4395-9BB0-B3E39185FCAA}.Release|TwinCAT RT (x64).Build.0 = Release|TwinCAT RT (x64)
		{A2D2EAEA-24F6-4395-9BB0-B3E39185FCAA}.Release|TwinCAT RT (x86).ActiveCfg = Release|TwinCAT RT (x86)
		{A2D2EAEA-24F6-4395-9BB0-B3E39185FCAA}.Release|TwinCAT RT (x86).Build.0 = Release|TwinCAT RT (x86)
	EndGlobalSection
	GlobalSection(SolutionProperties) = preSolution
		HideSolutionNode = FALSE
	EndGlobalSection
	GlobalSection(ExtensibilityGlobals) = postSolution
		SolutionGuid = {0A4890B4-43D9-41BB-9438-9D0BE14F8059}
	EndGlobalSection
EndGlobal
